
Microsoft Visual Studio Solution File, Format Version 12.00
# Visual Studio Version 17
VisualStudioVersion = 17.7.34202.233
MinimumVisualStudioVersion = 10.0.40219.1
Project("{FAE04EC0-301F-11D3-BF4B-00C04F79EFBC}") = "lw_bridge", "lw_bridge.csproj", "{DF6451D1-97D4-43B4-896A-A39AE9AD1356}"
EndProject
Global
	GlobalSection(SolutionConfigurationPlatforms) = preSolution
		Debug|Any CPU = Debug|Any CPU
		Release|Any CPU = Release|Any CPU
	EndGlobalSection
	GlobalSection(ProjectConfigurationPlatforms) = postSolution
		{DF6451D1-97D4-43B4-896A-A39AE9AD1356}.Debug|Any CPU.ActiveCfg = Debug|Any CPU
		{DF6451D1-97D4-43B4-896A-A39AE9AD1356}.Debug|Any CPU.Build.0 = Debug|Any CPU
		{DF6451D1-97D4-43B4-896A-A39AE9AD1356}.Release|Any CPU.ActiveCfg = Release|Any CPU
		{DF6451D1-97D4-43B4-896A-A39AE9AD1356}.Release|Any CPU.Build.0 = Release|Any CPU
	EndGlobalSection
	GlobalSection(SolutionProperties) = preSolution
		HideSolutionNode = FALSE
	EndGlobalSection
	GlobalSection(ExtensibilityGlobals) = postSolution
		SolutionGuid = {0DE84ABD-4CDB-4A36-AB68-D1044619EBA4}
	EndGlobalSection
EndGlobal
